
Microsoft Visual Studio Solution File, Format Version 12.00
# Visual Studio 15
VisualStudioVersion = 15.0.28307.1000
MinimumVisualStudioVersion = 10.0.40219.1
Project("{FAE04EC0-301F-11D3-BF4B-00C04F79EFBC}") = "csis265proj01", "csis265proj01\csis265proj01.csproj", "{BCB37DA2-E233-44A0-B8E7-8FB0E4AD3686}"
EndProject
Global
	GlobalSection(SolutionConfigurationPlatforms) = preSolution
		Debug|Any CPU = Debug|Any CPU
		Release|Any CPU = Release|Any CPU
	EndGlobalSection
	GlobalSection(ProjectConfigurationPlatforms) = postSolution
		{BCB37DA2-E233-44A0-B8E7-8FB0E4AD3686}.Debug|Any CPU.ActiveCfg = Debug|Any CPU
		{BCB37DA2-E233-44A0-B8E7-8FB0E4AD3686}.Debug|Any CPU.Build.0 = Debug|Any CPU
		{BCB37DA2-E233-44A0-B8E7-8FB0E4AD3686}.Release|Any CPU.ActiveCfg = Release|Any CPU
		{BCB37DA2-E233-44A0-B8E7-8FB0E4AD3686}.Release|Any CPU.Build.0 = Release|Any CPU
	EndGlobalSection
	GlobalSection(SolutionProperties) = preSolution
		HideSolutionNode = FALSE
	EndGlobalSection
	GlobalSection(ExtensibilityGlobals) = postSolution
		SolutionGuid = {3D10AC3C-9BAE-451F-9269-11E56FB4E1E0}
	EndGlobalSection
EndGlobal
